// !$*UTF8*$!
{
	archiveVersion = 1;
	classes = {
	};
	objectVersion = 52;
	objects = {

/* Begin PBXBuildFile section */
		930C76BD2423E961004F660E /* RxSwift in Frameworks */ = {isa = PBXBuildFile; productRef = 930C76BC2423E961004F660E /* RxSwift */; };
		930C76BF2423E961004F660E /* RxRelay in Frameworks */ = {isa = PBXBuildFile; productRef = 930C76BE2423E961004F660E /* RxRelay */; };
		9312F93B2428D43E00FFB187 /* LoginService.swift in Sources */ = {isa = PBXBuildFile; fileRef = 9312F93A2428D43E00FFB187 /* LoginService.swift */; };
		9312F93E2428D75C00FFB187 /* LoginViewController.swift in Sources */ = {isa = PBXBuildFile; fileRef = 9312F93D2428D75C00FFB187 /* LoginViewController.swift */; };
		9312F9402428D7D200FFB187 /* LoginViewModel.swift in Sources */ = {isa = PBXBuildFile; fileRef = 9312F93F2428D7D200FFB187 /* LoginViewModel.swift */; };
		9312F9432428F64300FFB187 /* SnapKit in Frameworks */ = {isa = PBXBuildFile; productRef = 9312F9422428F64300FFB187 /* SnapKit */; };
		938EB5AA2429130A009FC128 /* RxCocoa in Frameworks */ = {isa = PBXBuildFile; productRef = 938EB5A92429130A009FC128 /* RxCocoa */; };
		93E52391241AB3050054CE0C /* AppDelegate.swift in Sources */ = {isa = PBXBuildFile; fileRef = 93E52390241AB3050054CE0C /* AppDelegate.swift */; };
		93E52393241AB3050054CE0C /* SceneDelegate.swift in Sources */ = {isa = PBXBuildFile; fileRef = 93E52392241AB3050054CE0C /* SceneDelegate.swift */; };
		93E5239A241AB3050054CE0C /* Assets.xcassets in Resources */ = {isa = PBXBuildFile; fileRef = 93E52399241AB3050054CE0C /* Assets.xcassets */; };
		93E5239D241AB3050054CE0C /* LaunchScreen.storyboard in Resources */ = {isa = PBXBuildFile; fileRef = 93E5239B241AB3050054CE0C /* LaunchScreen.storyboard */; };
		93F503D924291F7E0000524C /* TextField.swift in Sources */ = {isa = PBXBuildFile; fileRef = 93F503D824291F7E0000524C /* TextField.swift */; };
		93F503E1242924A90000524C /* PickWithMeTests.swift in Sources */ = {isa = PBXBuildFile; fileRef = 93F503E0242924A90000524C /* PickWithMeTests.swift */; };
		93F503E8242924FF0000524C /* LoginViewModel.swift in Sources */ = {isa = PBXBuildFile; fileRef = 9312F93F2428D7D200FFB187 /* LoginViewModel.swift */; };
		93F503E9242925020000524C /* LoginService.swift in Sources */ = {isa = PBXBuildFile; fileRef = 9312F93A2428D43E00FFB187 /* LoginService.swift */; };
		93F503EB24292EBC0000524C /* CloudLoginService.swift in Sources */ = {isa = PBXBuildFile; fileRef = 93F503EA24292EBC0000524C /* CloudLoginService.swift */; };
/* End PBXBuildFile section */

/* Begin PBXContainerItemProxy section */
		93F503E3242924A90000524C /* PBXContainerItemProxy */ = {
			isa = PBXContainerItemProxy;
			containerPortal = 93E52385241AB3050054CE0C /* Project object */;
			proxyType = 1;
			remoteGlobalIDString = 93E5238C241AB3050054CE0C;
			remoteInfo = PickWithMe;
		};
/* End PBXContainerItemProxy section */

/* Begin PBXFileReference section */
		9312F93A2428D43E00FFB187 /* LoginService.swift */ = {isa = PBXFileReference; lastKnownFileType = sourcecode.swift; path = LoginService.swift; sourceTree = "<group>"; };
		9312F93D2428D75C00FFB187 /* LoginViewController.swift */ = {isa = PBXFileReference; lastKnownFileType = sourcecode.swift; path = LoginViewController.swift; sourceTree = "<group>"; };
		9312F93F2428D7D200FFB187 /* LoginViewModel.swift */ = {isa = PBXFileReference; lastKnownFileType = sourcecode.swift; path = LoginViewModel.swift; sourceTree = "<group>"; };
		93E5238D241AB3050054CE0C /* PickWithMe.app */ = {isa = PBXFileReference; explicitFileType = wrapper.application; includeInIndex = 0; path = PickWithMe.app; sourceTree = BUILT_PRODUCTS_DIR; };
		93E52390241AB3050054CE0C /* AppDelegate.swift */ = {isa = PBXFileReference; lastKnownFileType = sourcecode.swift; path = AppDelegate.swift; sourceTree = "<group>"; };
		93E52392241AB3050054CE0C /* SceneDelegate.swift */ = {isa = PBXFileReference; lastKnownFileType = sourcecode.swift; path = SceneDelegate.swift; sourceTree = "<group>"; };
		93E52399241AB3050054CE0C /* Assets.xcassets */ = {isa = PBXFileReference; lastKnownFileType = folder.assetcatalog; path = Assets.xcassets; sourceTree = "<group>"; };
		93E5239C241AB3050054CE0C /* Base */ = {isa = PBXFileReference; lastKnownFileType = file.storyboard; name = Base; path = Base.lproj/LaunchScreen.storyboard; sourceTree = "<group>"; };
		93E5239E241AB3050054CE0C /* Info.plist */ = {isa = PBXFileReference; lastKnownFileType = text.plist.xml; path = Info.plist; sourceTree = "<group>"; };
		93F503D824291F7E0000524C /* TextField.swift */ = {isa = PBXFileReference; lastKnownFileType = sourcecode.swift; path = TextField.swift; sourceTree = "<group>"; };
		93F503DE242924A90000524C /* PickWithMeTests.xctest */ = {isa = PBXFileReference; explicitFileType = wrapper.cfbundle; includeInIndex = 0; path = PickWithMeTests.xctest; sourceTree = BUILT_PRODUCTS_DIR; };
		93F503E0242924A90000524C /* PickWithMeTests.swift */ = {isa = PBXFileReference; lastKnownFileType = sourcecode.swift; path = PickWithMeTests.swift; sourceTree = "<group>"; };
		93F503E2242924A90000524C /* Info.plist */ = {isa = PBXFileReference; lastKnownFileType = text.plist.xml; path = Info.plist; sourceTree = "<group>"; };
		93F503EA24292EBC0000524C /* CloudLoginService.swift */ = {isa = PBXFileReference; lastKnownFileType = sourcecode.swift; path = CloudLoginService.swift; sourceTree = "<group>"; };
/* End PBXFileReference section */

/* Begin PBXFrameworksBuildPhase section */
		93E5238A241AB3050054CE0C /* Frameworks */ = {
			isa = PBXFrameworksBuildPhase;
			buildActionMask = 2147483647;
			files = (
				9312F9432428F64300FFB187 /* SnapKit in Frameworks */,
				930C76BF2423E961004F660E /* RxRelay in Frameworks */,
				938EB5AA2429130A009FC128 /* RxCocoa in Frameworks */,
				930C76BD2423E961004F660E /* RxSwift in Frameworks */,
			);
			runOnlyForDeploymentPostprocessing = 0;
		};
		93F503DB242924A90000524C /* Frameworks */ = {
			isa = PBXFrameworksBuildPhase;
			buildActionMask = 2147483647;
			files = (
			);
			runOnlyForDeploymentPostprocessing = 0;
		};
/* End PBXFrameworksBuildPhase section */

/* Begin PBXGroup section */
		930C76AD2423D7AA004F660E /* Frameworks */ = {
			isa = PBXGroup;
			children = (
			);
			name = Frameworks;
			sourceTree = "<group>";
		};
		9312F9372428D39200FFB187 /* Presentation */ = {
			isa = PBXGroup;
			children = (
				93F503D624291F010000524C /* _Support */,
				9312F93C2428D44400FFB187 /* Login */,
				93E52399241AB3050054CE0C /* Assets.xcassets */,
				93E5239B241AB3050054CE0C /* LaunchScreen.storyboard */,
			);
			path = Presentation;
			sourceTree = "<group>";
		};
		9312F9382428D40F00FFB187 /* Data */ = {
			isa = PBXGroup;
			children = (
				9312F9392428D42C00FFB187 /* Login */,
			);
			path = Data;
			sourceTree = "<group>";
		};
		9312F9392428D42C00FFB187 /* Login */ = {
			isa = PBXGroup;
			children = (
				9312F93A2428D43E00FFB187 /* LoginService.swift */,
				93F503EA24292EBC0000524C /* CloudLoginService.swift */,
			);
			path = Login;
			sourceTree = "<group>";
		};
		9312F93C2428D44400FFB187 /* Login */ = {
			isa = PBXGroup;
			children = (
				9312F93D2428D75C00FFB187 /* LoginViewController.swift */,
				9312F93F2428D7D200FFB187 /* LoginViewModel.swift */,
			);
			path = Login;
			sourceTree = "<group>";
		};
		93E52384241AB3050054CE0C = {
			isa = PBXGroup;
			children = (
				93E5238F241AB3050054CE0C /* App */,
				93F503DF242924A90000524C /* PickWithMeTests */,
				93E5238E241AB3050054CE0C /* Products */,
				930C76AD2423D7AA004F660E /* Frameworks */,
			);
			sourceTree = "<group>";
		};
		93E5238E241AB3050054CE0C /* Products */ = {
			isa = PBXGroup;
			children = (
				93E5238D241AB3050054CE0C /* PickWithMe.app */,
				93F503DE242924A90000524C /* PickWithMeTests.xctest */,
			);
			name = Products;
			sourceTree = "<group>";
		};
		93E5238F241AB3050054CE0C /* App */ = {
			isa = PBXGroup;
			children = (
				9312F9382428D40F00FFB187 /* Data */,
				9312F9372428D39200FFB187 /* Presentation */,
				93E52390241AB3050054CE0C /* AppDelegate.swift */,
				93E52392241AB3050054CE0C /* SceneDelegate.swift */,
				93E5239E241AB3050054CE0C /* Info.plist */,
			);
			path = App;
			sourceTree = "<group>";
		};
		93F503D624291F010000524C /* _Support */ = {
			isa = PBXGroup;
			children = (
				93F503D724291F0B0000524C /* TextField */,
			);
			path = _Support;
			sourceTree = "<group>";
		};
		93F503D724291F0B0000524C /* TextField */ = {
			isa = PBXGroup;
			children = (
				93F503D824291F7E0000524C /* TextField.swift */,
			);
			path = TextField;
			sourceTree = "<group>";
		};
		93F503DF242924A90000524C /* PickWithMeTests */ = {
			isa = PBXGroup;
			children = (
				93F503E0242924A90000524C /* PickWithMeTests.swift */,
				93F503E2242924A90000524C /* Info.plist */,
			);
			path = PickWithMeTests;
			sourceTree = "<group>";
		};
/* End PBXGroup section */

/* Begin PBXNativeTarget section */
		93E5238C241AB3050054CE0C /* PickWithMe */ = {
			isa = PBXNativeTarget;
			buildConfigurationList = 93E523A1241AB3050054CE0C /* Build configuration list for PBXNativeTarget "PickWithMe" */;
			buildPhases = (
				93E52389241AB3050054CE0C /* Sources */,
				93E5238A241AB3050054CE0C /* Frameworks */,
				93E5238B241AB3050054CE0C /* Resources */,
			);
			buildRules = (
			);
			dependencies = (
			);
			name = PickWithMe;
			packageProductDependencies = (
				930C76BC2423E961004F660E /* RxSwift */,
				930C76BE2423E961004F660E /* RxRelay */,
				9312F9422428F64300FFB187 /* SnapKit */,
				938EB5A92429130A009FC128 /* RxCocoa */,
			);
			productName = PickWithMe;
			productReference = 93E5238D241AB3050054CE0C /* PickWithMe.app */;
			productType = "com.apple.product-type.application";
		};
		93F503DD242924A90000524C /* PickWithMeTests */ = {
			isa = PBXNativeTarget;
			buildConfigurationList = 93F503E5242924A90000524C /* Build configuration list for PBXNativeTarget "PickWithMeTests" */;
			buildPhases = (
				93F503DA242924A90000524C /* Sources */,
				93F503DB242924A90000524C /* Frameworks */,
				93F503DC242924A90000524C /* Resources */,
			);
			buildRules = (
			);
			dependencies = (
				93F503E4242924A90000524C /* PBXTargetDependency */,
			);
			name = PickWithMeTests;
			productName = PickWithMeTests;
			productReference = 93F503DE242924A90000524C /* PickWithMeTests.xctest */;
			productType = "com.apple.product-type.bundle.unit-test";
		};
/* End PBXNativeTarget section */

/* Begin PBXProject section */
		93E52385241AB3050054CE0C /* Project object */ = {
			isa = PBXProject;
			attributes = {
				LastSwiftUpdateCheck = 1130;
				LastUpgradeCheck = 1130;
				ORGANIZATIONNAME = "The App Capital";
				TargetAttributes = {
					93E5238C241AB3050054CE0C = {
						CreatedOnToolsVersion = 11.3.1;
					};
					93F503DD242924A90000524C = {
						CreatedOnToolsVersion = 11.3.1;
					};
				};
			};
			buildConfigurationList = 93E52388241AB3050054CE0C /* Build configuration list for PBXProject "PickWithMe" */;
			compatibilityVersion = "Xcode 9.3";
			developmentRegion = en;
			hasScannedForEncodings = 0;
			knownRegions = (
				en,
				Base,
			);
			mainGroup = 93E52384241AB3050054CE0C;
			packageReferences = (
				930C76BB2423E961004F660E /* XCRemoteSwiftPackageReference "RxSwift" */,
				9312F9412428F64300FFB187 /* XCRemoteSwiftPackageReference "SnapKit" */,
			);
			productRefGroup = 93E5238E241AB3050054CE0C /* Products */;
			projectDirPath = "";
			projectRoot = "";
			targets = (
				93E5238C241AB3050054CE0C /* PickWithMe */,
				93F503DD242924A90000524C /* PickWithMeTests */,
			);
		};
/* End PBXProject section */

/* Begin PBXResourcesBuildPhase section */
		93E5238B241AB3050054CE0C /* Resources */ = {
			isa = PBXResourcesBuildPhase;
			buildActionMask = 2147483647;
			files = (
				93E5239D241AB3050054CE0C /* LaunchScreen.storyboard in Resources */,
				93E5239A241AB3050054CE0C /* Assets.xcassets in Resources */,
			);
			runOnlyForDeploymentPostprocessing = 0;
		};
		93F503DC242924A90000524C /* Resources */ = {
			isa = PBXResourcesBuildPhase;
			buildActionMask = 2147483647;
			files = (
			);
			runOnlyForDeploymentPostprocessing = 0;
		};
/* End PBXResourcesBuildPhase section */

/* Begin PBXSourcesBuildPhase section */
		93E52389241AB3050054CE0C /* Sources */ = {
			isa = PBXSourcesBuildPhase;
			buildActionMask = 2147483647;
			files = (
				9312F93E2428D75C00FFB187 /* LoginViewController.swift in Sources */,
				93E52391241AB3050054CE0C /* AppDelegate.swift in Sources */,
				93E52393241AB3050054CE0C /* SceneDelegate.swift in Sources */,
				93F503D924291F7E0000524C /* TextField.swift in Sources */,
				93F503EB24292EBC0000524C /* CloudLoginService.swift in Sources */,
				9312F9402428D7D200FFB187 /* LoginViewModel.swift in Sources */,
				9312F93B2428D43E00FFB187 /* LoginService.swift in Sources */,
			);
			runOnlyForDeploymentPostprocessing = 0;
		};
		93F503DA242924A90000524C /* Sources */ = {
			isa = PBXSourcesBuildPhase;
			buildActionMask = 2147483647;
			files = (
				93F503E8242924FF0000524C /* LoginViewModel.swift in Sources */,
				93F503E9242925020000524C /* LoginService.swift in Sources */,
				93F503E1242924A90000524C /* PickWithMeTests.swift in Sources */,
			);
			runOnlyForDeploymentPostprocessing = 0;
		};
/* End PBXSourcesBuildPhase section */

/* Begin PBXTargetDependency section */
		93F503E4242924A90000524C /* PBXTargetDependency */ = {
			isa = PBXTargetDependency;
			target = 93E5238C241AB3050054CE0C /* PickWithMe */;
			targetProxy = 93F503E3242924A90000524C /* PBXContainerItemProxy */;
		};
/* End PBXTargetDependency section */

/* Begin PBXVariantGroup section */
		93E5239B241AB3050054CE0C /* LaunchScreen.storyboard */ = {
			isa = PBXVariantGroup;
			children = (
				93E5239C241AB3050054CE0C /* Base */,
			);
			name = LaunchScreen.storyboard;
			sourceTree = "<group>";
		};
/* End PBXVariantGroup section */

/* Begin XCBuildConfiguration section */
		93E5239F241AB3050054CE0C /* Debug */ = {
			isa = XCBuildConfiguration;
			buildSettings = {
				ALWAYS_SEARCH_USER_PATHS = NO;
				CLANG_ANALYZER_NONNULL = YES;
				CLANG_ANALYZER_NUMBER_OBJECT_CONVERSION = YES_AGGRESSIVE;
				CLANG_CXX_LANGUAGE_STANDARD = "gnu++14";
				CLANG_CXX_LIBRARY = "libc++";
				CLANG_ENABLE_MODULES = YES;
				CLANG_ENABLE_OBJC_ARC = YES;
				CLANG_ENABLE_OBJC_WEAK = YES;
				CLANG_WARN_BLOCK_CAPTURE_AUTORELEASING = YES;
				CLANG_WARN_BOOL_CONVERSION = YES;
				CLANG_WARN_COMMA = YES;
				CLANG_WARN_CONSTANT_CONVERSION = YES;
				CLANG_WARN_DEPRECATED_OBJC_IMPLEMENTATIONS = YES;
				CLANG_WARN_DIRECT_OBJC_ISA_USAGE = YES_ERROR;
				CLANG_WARN_DOCUMENTATION_COMMENTS = YES;
				CLANG_WARN_EMPTY_BODY = YES;
				CLANG_WARN_ENUM_CONVERSION = YES;
				CLANG_WARN_INFINITE_RECURSION = YES;
				CLANG_WARN_INT_CONVERSION = YES;
				CLANG_WARN_NON_LITERAL_NULL_CONVERSION = YES;
				CLANG_WARN_OBJC_IMPLICIT_RETAIN_SELF = YES;
				CLANG_WARN_OBJC_LITERAL_CONVERSION = YES;
				CLANG_WARN_OBJC_ROOT_CLASS = YES_ERROR;
				CLANG_WARN_RANGE_LOOP_ANALYSIS = YES;
				CLANG_WARN_STRICT_PROTOTYPES = YES;
				CLANG_WARN_SUSPICIOUS_MOVE = YES;
				CLANG_WARN_UNGUARDED_AVAILABILITY = YES_AGGRESSIVE;
				CLANG_WARN_UNREACHABLE_CODE = YES;
				CLANG_WARN__DUPLICATE_METHOD_MATCH = YES;
				COPY_PHASE_STRIP = NO;
				DEBUG_INFORMATION_FORMAT = dwarf;
				ENABLE_STRICT_OBJC_MSGSEND = YES;
				ENABLE_TESTABILITY = YES;
				GCC_C_LANGUAGE_STANDARD = gnu11;
				GCC_DYNAMIC_NO_PIC = NO;
				GCC_NO_COMMON_BLOCKS = YES;
				GCC_OPTIMIZATION_LEVEL = 0;
				GCC_PREPROCESSOR_DEFINITIONS = (
					"DEBUG=1",
					"$(inherited)",
				);
				GCC_WARN_64_TO_32_BIT_CONVERSION = YES;
				GCC_WARN_ABOUT_RETURN_TYPE = YES_ERROR;
				GCC_WARN_UNDECLARED_SELECTOR = YES;
				GCC_WARN_UNINITIALIZED_AUTOS = YES_AGGRESSIVE;
				GCC_WARN_UNUSED_FUNCTION = YES;
				GCC_WARN_UNUSED_VARIABLE = YES;
				IPHONEOS_DEPLOYMENT_TARGET = 13.2;
				MTL_ENABLE_DEBUG_INFO = INCLUDE_SOURCE;
				MTL_FAST_MATH = YES;
				ONLY_ACTIVE_ARCH = YES;
				SDKROOT = iphoneos;
				SWIFT_ACTIVE_COMPILATION_CONDITIONS = DEBUG;
				SWIFT_OPTIMIZATION_LEVEL = "-Onone";
			};
			name = Debug;
		};
		93E523A0241AB3050054CE0C /* Release */ = {
			isa = XCBuildConfiguration;
			buildSettings = {
				ALWAYS_SEARCH_USER_PATHS = NO;
				CLANG_ANALYZER_NONNULL = YES;
				CLANG_ANALYZER_NUMBER_OBJECT_CONVERSION = YES_AGGRESSIVE;
				CLANG_CXX_LANGUAGE_STANDARD = "gnu++14";
				CLANG_CXX_LIBRARY = "libc++";
				CLANG_ENABLE_MODULES = YES;
				CLANG_ENABLE_OBJC_ARC = YES;
				CLANG_ENABLE_OBJC_WEAK = YES;
				CLANG_WARN_BLOCK_CAPTURE_AUTORELEASING = YES;
				CLANG_WARN_BOOL_CONVERSION = YES;
				CLANG_WARN_COMMA = YES;
				CLANG_WARN_CONSTANT_CONVERSION = YES;
				CLANG_WARN_DEPRECATED_OBJC_IMPLEMENTATIONS = YES;
				CLANG_WARN_DIRECT_OBJC_ISA_USAGE = YES_ERROR;
				CLANG_WARN_DOCUMENTATION_COMMENTS = YES;
				CLANG_WARN_EMPTY_BODY = YES;
				CLANG_WARN_ENUM_CONVERSION = YES;
				CLANG_WARN_INFINITE_RECURSION = YES;
				CLANG_WARN_INT_CONVERSION = YES;
				CLANG_WARN_NON_LITERAL_NULL_CONVERSION = YES;
				CLANG_WARN_OBJC_IMPLICIT_RETAIN_SELF = YES;
				CLANG_WARN_OBJC_LITERAL_CONVERSION = YES;
				CLANG_WARN_OBJC_ROOT_CLASS = YES_ERROR;
				CLANG_WARN_RANGE_LOOP_ANALYSIS = YES;
				CLANG_WARN_STRICT_PROTOTYPES = YES;
				CLANG_WARN_SUSPICIOUS_MOVE = YES;
				CLANG_WARN_UNGUARDED_AVAILABILITY = YES_AGGRESSIVE;
				CLANG_WARN_UNREACHABLE_CODE = YES;
				CLANG_WARN__DUPLICATE_METHOD_MATCH = YES;
				COPY_PHASE_STRIP = NO;
				DEBUG_INFORMATION_FORMAT = "dwarf-with-dsym";
				ENABLE_NS_ASSERTIONS = NO;
				ENABLE_STRICT_OBJC_MSGSEND = YES;
				GCC_C_LANGUAGE_STANDARD = gnu11;
				GCC_NO_COMMON_BLOCKS = YES;
				GCC_WARN_64_TO_32_BIT_CONVERSION = YES;
				GCC_WARN_ABOUT_RETURN_TYPE = YES_ERROR;
				GCC_WARN_UNDECLARED_SELECTOR = YES;
				GCC_WARN_UNINITIALIZED_AUTOS = YES_AGGRESSIVE;
				GCC_WARN_UNUSED_FUNCTION = YES;
				GCC_WARN_UNUSED_VARIABLE = YES;
				IPHONEOS_DEPLOYMENT_TARGET = 13.2;
				MTL_ENABLE_DEBUG_INFO = NO;
				MTL_FAST_MATH = YES;
				SDKROOT = iphoneos;
				SWIFT_COMPILATION_MODE = wholemodule;
				SWIFT_OPTIMIZATION_LEVEL = "-O";
				VALIDATE_PRODUCT = YES;
			};
			name = Release;
		};
		93E523A2241AB3050054CE0C /* Debug */ = {
			isa = XCBuildConfiguration;
			buildSettings = {
				ASSETCATALOG_COMPILER_APPICON_NAME = AppIcon;
				CODE_SIGN_STYLE = Automatic;
				DEVELOPMENT_TEAM = PK7264DWMQ;
				INFOPLIST_FILE = App/Info.plist;
				LD_RUNPATH_SEARCH_PATHS = (
					"$(inherited)",
					"@executable_path/Frameworks",
				);
				PRODUCT_BUNDLE_IDENTIFIER = com.theappcapital.pickwithme;
				PRODUCT_NAME = "$(TARGET_NAME)";
				SWIFT_VERSION = 5.0;
				TARGETED_DEVICE_FAMILY = 1;
			};
			name = Debug;
		};
		93E523A3241AB3050054CE0C /* Release */ = {
			isa = XCBuildConfiguration;
			buildSettings = {
				ASSETCATALOG_COMPILER_APPICON_NAME = AppIcon;
				CODE_SIGN_STYLE = Automatic;
				DEVELOPMENT_TEAM = PK7264DWMQ;
				INFOPLIST_FILE = App/Info.plist;
				LD_RUNPATH_SEARCH_PATHS = (
					"$(inherited)",
					"@executable_path/Frameworks",
				);
				PRODUCT_BUNDLE_IDENTIFIER = com.theappcapital.pickwithme;
				PRODUCT_NAME = "$(TARGET_NAME)";
				SWIFT_VERSION = 5.0;
				TARGETED_DEVICE_FAMILY = 1;
			};
			name = Release;
		};
		93F503E6242924A90000524C /* Debug */ = {
			isa = XCBuildConfiguration;
			buildSettings = {
				CODE_SIGN_STYLE = Automatic;
				DEVELOPMENT_TEAM = PK7264DWMQ;
				INFOPLIST_FILE = PickWithMeTests/Info.plist;
				LD_RUNPATH_SEARCH_PATHS = (
					"$(inherited)",
					"@executable_path/Frameworks",
					"@loader_path/Frameworks",
				);
				PRODUCT_BUNDLE_IDENTIFIER = com.theappcapital.PickWithMeTests;
				PRODUCT_NAME = "$(TARGET_NAME)";
				SWIFT_VERSION = 5.0;
				TARGETED_DEVICE_FAMILY = "1,2";
			};
			name = Debug;
		};
		93F503E7242924A90000524C /* Release */ = {
			isa = XCBuildConfiguration;
			buildSettings = {
				CODE_SIGN_STYLE = Automatic;
				DEVELOPMENT_TEAM = PK7264DWMQ;
				INFOPLIST_FILE = PickWithMeTests/Info.plist;
				LD_RUNPATH_SEARCH_PATHS = (
					"$(inherited)",
					"@executable_path/Frameworks",
					"@loader_path/Frameworks",
				);
				PRODUCT_BUNDLE_IDENTIFIER = com.theappcapital.PickWithMeTests;
				PRODUCT_NAME = "$(TARGET_NAME)";
				SWIFT_VERSION = 5.0;
				TARGETED_DEVICE_FAMILY = "1,2";
			};
			name = Release;
		};
/* End XCBuildConfiguration section */

/* Begin XCConfigurationList section */
		93E52388241AB3050054CE0C /* Build configuration list for PBXProject "PickWithMe" */ = {
			isa = XCConfigurationList;
			buildConfigurations = (
				93E5239F241AB3050054CE0C /* Debug */,
				93E523A0241AB3050054CE0C /* Release */,
			);
			defaultConfigurationIsVisible = 0;
			defaultConfigurationName = Release;
		};
		93E523A1241AB3050054CE0C /* Build configuration list for PBXNativeTarget "PickWithMe" */ = {
			isa = XCConfigurationList;
			buildConfigurations = (
				93E523A2241AB3050054CE0C /* Debug */,
				93E523A3241AB3050054CE0C /* Release */,
			);
			defaultConfigurationIsVisible = 0;
			defaultConfigurationName = Release;
		};
		93F503E5242924A90000524C /* Build configuration list for PBXNativeTarget "PickWithMeTests" */ = {
			isa = XCConfigurationList;
			buildConfigurations = (
				93F503E6242924A90000524C /* Debug */,
				93F503E7242924A90000524C /* Release */,
			);
			defaultConfigurationIsVisible = 0;
			defaultConfigurationName = Release;
		};
/* End XCConfigurationList section */

/* Begin XCRemoteSwiftPackageReference section */
		930C76BB2423E961004F660E /* XCRemoteSwiftPackageReference "RxSwift" */ = {
			isa = XCRemoteSwiftPackageReference;
			repositoryURL = "https://github.com/ReactiveX/RxSwift";
			requirement = {
				kind = upToNextMajorVersion;
				minimumVersion = 5.1.0;
			};
		};
		9312F9412428F64300FFB187 /* XCRemoteSwiftPackageReference "SnapKit" */ = {
			isa = XCRemoteSwiftPackageReference;
			repositoryURL = "https://github.com/SnapKit/SnapKit.git";
			requirement = {
				kind = upToNextMajorVersion;
				minimumVersion = 5.0.1;
			};
		};
/* End XCRemoteSwiftPackageReference section */

/* Begin XCSwiftPackageProductDependency section */
		930C76BC2423E961004F660E /* RxSwift */ = {
			isa = XCSwiftPackageProductDependency;
			package = 930C76BB2423E961004F660E /* XCRemoteSwiftPackageReference "RxSwift" */;
			productName = RxSwift;
		};
		930C76BE2423E961004F660E /* RxRelay */ = {
			isa = XCSwiftPackageProductDependency;
			package = 930C76BB2423E961004F660E /* XCRemoteSwiftPackageReference "RxSwift" */;
			productName = RxRelay;
		};
		9312F9422428F64300FFB187 /* SnapKit */ = {
			isa = XCSwiftPackageProductDependency;
			package = 9312F9412428F64300FFB187 /* XCRemoteSwiftPackageReference "SnapKit" */;
			productName = SnapKit;
		};
		938EB5A92429130A009FC128 /* RxCocoa */ = {
			isa = XCSwiftPackageProductDependency;
			package = 930C76BB2423E961004F660E /* XCRemoteSwiftPackageReference "RxSwift" */;
			productName = RxCocoa;
		};
/* End XCSwiftPackageProductDependency section */
	};
	rootObject = 93E52385241AB3050054CE0C /* Project object */;
}
